{
  "version": 4,
  "terraform_version": "0.13.5",
  "serial": 79,
  "lineage": "4752766c-daca-da18-8fa4-6745a3fb690a",
  "outputs": {},
  "resources": [
    {
      "module": "module.networking",
      "mode": "managed",
      "type": "azurerm_subnet",
      "name": "app-subnet",
      "provider": "provider[\"registry.terraform.io/hashicorp/azurerm\"]",
      "instances": [
        {
          "schema_version": 0,
          "attributes": {
            "address_prefix": "192.168.2.0/24",
            "address_prefixes": [
              "192.168.2.0/24"
            ],
            "delegation": [],
            "enforce_private_link_endpoint_network_policies": false,
            "enforce_private_link_service_network_policies": false,
            "id": "/subscriptions/a8f33c70-4c7f-4db8-af7c-0cd6f8011834/resourceGroups/rs_azure-stack/providers/Microsoft.Network/virtualNetworks/vnet01/subnets/app-subnet",
            "name": "app-subnet",
            "resource_group_name": "rs_azure-stack",
            "service_endpoint_policy_ids": [],
            "service_endpoints": [],
            "timeouts": null,
            "virtual_network_name": "vnet01"
          },
          "private": "eyJlMmJmYjczMC1lY2FhLTExZTYtOGY4OC0zNDM2M2JjN2M0YzAiOnsiY3JlYXRlIjoxODAwMDAwMDAwMDAwLCJkZWxldGUiOjE4MDAwMDAwMDAwMDAsInJlYWQiOjMwMDAwMDAwMDAwMCwidXBkYXRlIjoxODAwMDAwMDAwMDAwfX0=",
          "dependencies": [
            "module.networking.azurerm_virtual_network.vnet01",
            "module.resourcegroup.azurerm_resource_group.azure-stack-rs"
          ]
        }
      ]
    },
    {
      "module": "module.networking",
      "mode": "managed",
      "type": "azurerm_subnet",
      "name": "db-subnet",
      "provider": "provider[\"registry.terraform.io/hashicorp/azurerm\"]",
      "instances": [
        {
          "schema_version": 0,
          "attributes": {
            "address_prefix": "192.168.3.0/24",
            "address_prefixes": [
              "192.168.3.0/24"
            ],
            "delegation": [],
            "enforce_private_link_endpoint_network_policies": false,
            "enforce_private_link_service_network_policies": false,
            "id": "/subscriptions/a8f33c70-4c7f-4db8-af7c-0cd6f8011834/resourceGroups/rs_azure-stack/providers/Microsoft.Network/virtualNetworks/vnet01/subnets/db-subnet",
            "name": "db-subnet",
            "resource_group_name": "rs_azure-stack",
            "service_endpoint_policy_ids": [],
            "service_endpoints": [],
            "timeouts": null,
            "virtual_network_name": "vnet01"
          },
          "private": "eyJlMmJmYjczMC1lY2FhLTExZTYtOGY4OC0zNDM2M2JjN2M0YzAiOnsiY3JlYXRlIjoxODAwMDAwMDAwMDAwLCJkZWxldGUiOjE4MDAwMDAwMDAwMDAsInJlYWQiOjMwMDAwMDAwMDAwMCwidXBkYXRlIjoxODAwMDAwMDAwMDAwfX0=",
          "dependencies": [
            "module.networking.azurerm_virtual_network.vnet01",
            "module.resourcegroup.azurerm_resource_group.azure-stack-rs"
          ]
        }
      ]
    },
    {
      "module": "module.networking",
      "mode": "managed",
      "type": "azurerm_subnet",
      "name": "web-subnet",
      "provider": "provider[\"registry.terraform.io/hashicorp/azurerm\"]",
      "instances": [
        {
          "schema_version": 0,
          "attributes": {
            "address_prefix": "192.168.1.0/24",
            "address_prefixes": [
              "192.168.1.0/24"
            ],
            "delegation": [],
            "enforce_private_link_endpoint_network_policies": false,
            "enforce_private_link_service_network_policies": false,
            "id": "/subscriptions/a8f33c70-4c7f-4db8-af7c-0cd6f8011834/resourceGroups/rs_azure-stack/providers/Microsoft.Network/virtualNetworks/vnet01/subnets/web-subnet",
            "name": "web-subnet",
            "resource_group_name": "rs_azure-stack",
            "service_endpoint_policy_ids": [],
            "service_endpoints": [],
            "timeouts": null,
            "virtual_network_name": "vnet01"
          },
          "private": "eyJlMmJmYjczMC1lY2FhLTExZTYtOGY4OC0zNDM2M2JjN2M0YzAiOnsiY3JlYXRlIjoxODAwMDAwMDAwMDAwLCJkZWxldGUiOjE4MDAwMDAwMDAwMDAsInJlYWQiOjMwMDAwMDAwMDAwMCwidXBkYXRlIjoxODAwMDAwMDAwMDAwfX0=",
          "dependencies": [
            "module.networking.azurerm_virtual_network.vnet01",
            "module.resourcegroup.azurerm_resource_group.azure-stack-rs"
          ]
        }
      ]
    },
    {
      "module": "module.networking",
      "mode": "managed",
      "type": "azurerm_virtual_network",
      "name": "vnet01",
      "provider": "provider[\"registry.terraform.io/hashicorp/azurerm\"]",
      "instances": [
        {
          "schema_version": 0,
          "attributes": {
            "address_space": [
              "192.168.0.0/16"
            ],
            "bgp_community": "",
            "ddos_protection_plan": [],
            "dns_servers": [],
            "flow_timeout_in_minutes": 0,
            "guid": "35cfdc0e-961d-4336-85d8-4888d2da9c67",
            "id": "/subscriptions/a8f33c70-4c7f-4db8-af7c-0cd6f8011834/resourceGroups/rs_azure-stack/providers/Microsoft.Network/virtualNetworks/vnet01",
            "location": "southeastasia",
            "name": "vnet01",
            "resource_group_name": "rs_azure-stack",
            "subnet": [
              {
                "address_prefix": "192.168.1.0/24",
                "id": "/subscriptions/a8f33c70-4c7f-4db8-af7c-0cd6f8011834/resourceGroups/rs_azure-stack/providers/Microsoft.Network/virtualNetworks/vnet01/subnets/web-subnet",
                "name": "web-subnet",
                "security_group": ""
              },
              {
                "address_prefix": "192.168.2.0/24",
                "id": "/subscriptions/a8f33c70-4c7f-4db8-af7c-0cd6f8011834/resourceGroups/rs_azure-stack/providers/Microsoft.Network/virtualNetworks/vnet01/subnets/app-subnet",
                "name": "app-subnet",
                "security_group": ""
              },
              {
                "address_prefix": "192.168.3.0/24",
                "id": "/subscriptions/a8f33c70-4c7f-4db8-af7c-0cd6f8011834/resourceGroups/rs_azure-stack/providers/Microsoft.Network/virtualNetworks/vnet01/subnets/db-subnet",
                "name": "db-subnet",
                "security_group": ""
              }
            ],
            "tags": {},
            "timeouts": null,
            "vm_protection_enabled": false
          },
          "private": "eyJlMmJmYjczMC1lY2FhLTExZTYtOGY4OC0zNDM2M2JjN2M0YzAiOnsiY3JlYXRlIjoxODAwMDAwMDAwMDAwLCJkZWxldGUiOjE4MDAwMDAwMDAwMDAsInJlYWQiOjMwMDAwMDAwMDAwMCwidXBkYXRlIjoxODAwMDAwMDAwMDAwfX0=",
          "dependencies": [
            "module.resourcegroup.azurerm_resource_group.azure-stack-rs"
          ]
        }
      ]
    },
    {
      "module": "module.resourcegroup",
      "mode": "managed",
      "type": "azurerm_resource_group",
      "name": "azure-stack-rs",
      "provider": "provider[\"registry.terraform.io/hashicorp/azurerm\"]",
      "instances": [
        {
          "schema_version": 0,
          "attributes": {
            "id": "/subscriptions/a8f33c70-4c7f-4db8-af7c-0cd6f8011834/resourceGroups/rs_azure-stack",
            "location": "southeastasia",
            "name": "rs_azure-stack",
            "tags": {},
            "timeouts": null
          },
          "private": "eyJlMmJmYjczMC1lY2FhLTExZTYtOGY4OC0zNDM2M2JjN2M0YzAiOnsiY3JlYXRlIjo1NDAwMDAwMDAwMDAwLCJkZWxldGUiOjU0MDAwMDAwMDAwMDAsInJlYWQiOjMwMDAwMDAwMDAwMCwidXBkYXRlIjo1NDAwMDAwMDAwMDAwfX0="
        }
      ]
    },
    {
      "module": "module.storage",
      "mode": "managed",
      "type": "azurerm_storage_account",
      "name": "storage_account",
      "provider": "provider[\"registry.terraform.io/hashicorp/azurerm\"]",
      "instances": [
        {
          "schema_version": 2,
          "attributes": {
            "access_tier": "Hot",
            "account_kind": "StorageV2",
            "account_replication_type": "GRS",
            "account_tier": "Standard",
            "allow_blob_public_access": false,
            "azure_files_authentication": [],
            "blob_properties": [
              {
                "change_feed_enabled": false,
                "container_delete_retention_policy": [],
                "cors_rule": [],
                "default_service_version": "",
                "delete_retention_policy": [],
                "last_access_time_enabled": false,
                "versioning_enabled": false
              }
            ],
            "custom_domain": [],
            "enable_https_traffic_only": true,
            "id": "/subscriptions/a8f33c70-4c7f-4db8-af7c-0cd6f8011834/resourceGroups/rs_azure-stack/providers/Microsoft.Storage/storageAccounts/ganesh3525jan2022",
            "identity": [],
            "infrastructure_encryption_enabled": false,
            "is_hns_enabled": false,
            "large_file_share_enabled": null,
            "location": "southeastasia",
            "min_tls_version": "TLS1_0",
            "name": "ganesh3525jan2022",
            "network_rules": [
              {
                "bypass": [
                  "AzureServices"
                ],
                "default_action": "Allow",
                "ip_rules": [],
                "private_link_access": [],
                "virtual_network_subnet_ids": []
              }
            ],
            "nfsv3_enabled": false,
            "primary_access_key": "cNRJp/XqL4nkIw5Gs5e4pBuCql/aAVzm7ZTtO0OuwJjuQSo6r44NqtqO/yroxLAUl7Gh6O9KnBpyB+L7neW/MA==",
            "primary_blob_connection_string": "DefaultEndpointsProtocol=https;BlobEndpoint=https://ganesh3525jan2022.blob.core.windows.net/;AccountName=ganesh3525jan2022;AccountKey=cNRJp/XqL4nkIw5Gs5e4pBuCql/aAVzm7ZTtO0OuwJjuQSo6r44NqtqO/yroxLAUl7Gh6O9KnBpyB+L7neW/MA==",
            "primary_blob_endpoint": "https://ganesh3525jan2022.blob.core.windows.net/",
            "primary_blob_host": "ganesh3525jan2022.blob.core.windows.net",
            "primary_connection_string": "DefaultEndpointsProtocol=https;AccountName=ganesh3525jan2022;AccountKey=cNRJp/XqL4nkIw5Gs5e4pBuCql/aAVzm7ZTtO0OuwJjuQSo6r44NqtqO/yroxLAUl7Gh6O9KnBpyB+L7neW/MA==;EndpointSuffix=core.windows.net",
            "primary_dfs_endpoint": "https://ganesh3525jan2022.dfs.core.windows.net/",
            "primary_dfs_host": "ganesh3525jan2022.dfs.core.windows.net",
            "primary_file_endpoint": "https://ganesh3525jan2022.file.core.windows.net/",
            "primary_file_host": "ganesh3525jan2022.file.core.windows.net",
            "primary_location": "southeastasia",
            "primary_queue_endpoint": "https://ganesh3525jan2022.queue.core.windows.net/",
            "primary_queue_host": "ganesh3525jan2022.queue.core.windows.net",
            "primary_table_endpoint": "https://ganesh3525jan2022.table.core.windows.net/",
            "primary_table_host": "ganesh3525jan2022.table.core.windows.net",
            "primary_web_endpoint": "https://ganesh3525jan2022.z23.web.core.windows.net/",
            "primary_web_host": "ganesh3525jan2022.z23.web.core.windows.net",
            "queue_encryption_key_type": "Service",
            "queue_properties": [
              {
                "cors_rule": [],
                "hour_metrics": [
                  {
                    "enabled": true,
                    "include_apis": true,
                    "retention_policy_days": 7,
                    "version": "1.0"
                  }
                ],
                "logging": [
                  {
                    "delete": false,
                    "read": false,
                    "retention_policy_days": 0,
                    "version": "1.0",
                    "write": false
                  }
                ],
                "minute_metrics": [
                  {
                    "enabled": false,
                    "include_apis": false,
                    "retention_policy_days": 0,
                    "version": "1.0"
                  }
                ]
              }
            ],
            "resource_group_name": "rs_azure-stack",
            "routing": [],
            "secondary_access_key": "8KyTxDvz7siQXlEmlwCUHIAMyc3D08s5UIdSmSKfWCxxqBU9rqLq28jVeaEgCmBFo6zfrXi4mWI5zj6gS86cYw==",
            "secondary_blob_connection_string": "",
            "secondary_blob_endpoint": null,
            "secondary_blob_host": null,
            "secondary_connection_string": "DefaultEndpointsProtocol=https;AccountName=ganesh3525jan2022;AccountKey=8KyTxDvz7siQXlEmlwCUHIAMyc3D08s5UIdSmSKfWCxxqBU9rqLq28jVeaEgCmBFo6zfrXi4mWI5zj6gS86cYw==;EndpointSuffix=core.windows.net",
            "secondary_dfs_endpoint": null,
            "secondary_dfs_host": null,
            "secondary_file_endpoint": null,
            "secondary_file_host": null,
            "secondary_location": "eastasia",
            "secondary_queue_endpoint": null,
            "secondary_queue_host": null,
            "secondary_table_endpoint": null,
            "secondary_table_host": null,
            "secondary_web_endpoint": null,
            "secondary_web_host": null,
            "share_properties": [
              {
                "cors_rule": [],
                "retention_policy": [
                  {
                    "days": 7
                  }
                ],
                "smb": []
              }
            ],
            "shared_access_key_enabled": true,
            "static_website": [],
            "table_encryption_key_type": "Service",
            "tags": {
              "environment": "staging"
            },
            "timeouts": null
          },
          "private": "eyJlMmJmYjczMC1lY2FhLTExZTYtOGY4OC0zNDM2M2JjN2M0YzAiOnsiY3JlYXRlIjozNjAwMDAwMDAwMDAwLCJkZWxldGUiOjM2MDAwMDAwMDAwMDAsInJlYWQiOjMwMDAwMDAwMDAwMCwidXBkYXRlIjozNjAwMDAwMDAwMDAwfSwic2NoZW1hX3ZlcnNpb24iOiIyIn0=",
          "dependencies": [
            "module.resourcegroup.azurerm_resource_group.azure-stack-rs"
          ]
        }
      ]
    }
  ]
}
